Microsoft Visual Studio Solution File, Format Version 10.00
# Visual Studio 2008
Project("{8BC9CEB8-8B4A-11D0-8D11-00A0C91BC942}") = "attachment", "attachment\attachment.vcproj", "{3DBD2E3D-1ABE-4381-9BCB-3A8285D2347A}"
EndProject
Project("{8BC9CEB8-8B4A-11D0-8D11-00A0C91BC942}") = "basic_loading", "basic_loading\basic_loading.vcproj", "{07B1AAA9-02DA-4F8A-80E7-25FFF7151109}"
EndProject
Project("{8BC9CEB8-8B4A-11D0-8D11-00A0C91BC942}") = "blending", "blending\blending.vcproj", "{AE66FBEF-BBFC-466B-A2D6-A3191B42C180}"
EndProject
Project("{8BC9CEB8-8B4A-11D0-8D11-00A0C91BC942}") = "camera_utilities", "camera_utilities\camera_utilities.vcproj", "{A96C4536-3A79-48E9-B48C-DB24D8117D0C}"
EndProject
Project("{8BC9CEB8-8B4A-11D0-8D11-00A0C91BC942}") = "create_control", "create_control\create_control.vcproj", "{07B1ADA9-02DA-4F8A-80E7-25FFF7151109}"
EndProject
Project("{8BC9CEB8-8B4A-11D0-8D11-00A0C91BC942}") = "custom_format", "custom_format\custom_format.vcproj", "{07B1AAC9-02DA-4F8A-80E7-25FFF7151109}"
EndProject
Project("{8BC9CEB8-8B4A-11D0-8D11-00A0C91BC942}") = "dx9_rendering", "rendering\dx9\dx9_rendering.vcproj", "{07B1CAA9-02DA-4F8A-80E7-25FFF7151109}"
EndProject
Project("{8BC9CEB8-8B4A-11D0-8D11-00A0C91BC942}") = "error_reporting", "error_reporting\error_reporting.vcproj", "{07B1AAA1-02DA-4F8A-80E7-25FFF7151109}"
EndProject
Project("{8BC9CEB8-8B4A-11D0-8D11-00A0C91BC942}") = "extended_data", "extended_data\extended_data.vcproj", "{C31F6F4F-8C42-41A6-8765-6A7166D34A52}"
EndProject
Project("{8BC9CEB8-8B4A-11D0-8D11-00A0C91BC942}") = "heap_check", "heap_check\heap_check.vcproj", "{07B1AAA2-02DA-4F8A-80E7-25FFF7151109}"
EndProject
Project("{8BC9CEB8-8B4A-11D0-8D11-00A0C91BC942}") = "ik_2bone", "ik_2bone\ik_2bone.vcproj", "{97CE70EE-DE66-4710-BE6A-9020EC9348E8}"
EndProject
Project("{8BC9CEB8-8B4A-11D0-8D11-00A0C91BC942}") = "lod", "lod\lod.vcproj", "{3581AED5-6BBB-42CA-B4AC-10DCFC667EF5}"
EndProject
Project("{8BC9CEB8-8B4A-11D0-8D11-00A0C91BC942}") = "morph_targets", "morph_targets\morph_targets.vcproj", "{0FF16995-12FC-47C8-BDA1-446BE897C124}"
EndProject
Project("{8BC9CEB8-8B4A-11D0-8D11-00A0C91BC942}") = "opengl_rendering", "rendering\opengl\opengl_rendering.vcproj", "{9FB8E874-BF91-4064-9281-78DA1342D104}"
EndProject
Project("{8BC9CEB8-8B4A-11D0-8D11-00A0C91BC942}") = "replace_file_api", "replace_file_api\replace_file_api.vcproj", "{07B1AAAA-02DA-4F8A-80E7-25FFF7151109}"
EndProject
Project("{8BC9CEB8-8B4A-11D0-8D11-00A0C91BC942}") = "replace_memory_api", "replace_memory_api\replace_memory_api.vcproj", "{07B1AAA0-02DA-4F8A-80E7-25FFF7151109}"
EndProject
Project("{8BC9CEB8-8B4A-11D0-8D11-00A0C91BC942}") = "s3tc_dx9", "s3tc\dx9\s3tc_dx9.vcproj", "{8676A168-5B8B-44C0-9A2A-F752E4AAC78F}"
EndProject
Project("{8BC9CEB8-8B4A-11D0-8D11-00A0C91BC942}") = "s3tc_opengl", "s3tc\opengl\s3tc_opengl.vcproj", "{EB98C9CF-C1BF-49DC-8D83-99AEC650D352}"
EndProject
Project("{8BC9CEB8-8B4A-11D0-8D11-00A0C91BC942}") = "string_table", "string_table\string_table.vcproj", "{E569482B-CC61-448A-8171-0BEFD01415C6}"
EndProject
Project("{8BC9CEB8-8B4A-11D0-8D11-00A0C91BC942}") = "track_mask", "track_mask\track_mask.vcproj", "{0F0AF686-FDF0-4CD7-8D54-C4E9C6BD62BA}"
EndProject
Project("{8BC9CEB8-8B4A-11D0-8D11-00A0C91BC942}") = "transform_file", "transform_file\transform_file.vcproj", "{07B1AAB9-02DA-4F8A-80E7-25FFF7151109}"
EndProject
Project("{8BC9CEB8-8B4A-11D0-8D11-00A0C91BC942}") = "tree_walker", "tree_walker\tree_walker.vcproj", "{9938EE24-8480-4A4D-B1CE-EEBF5DEDEAD5}"
EndProject
Project("{8BC9CEB8-8B4A-11D0-8D11-00A0C91BC942}") = "multithreading", "multithreading\multithreading.vcproj", "{3F303CC6-DBE6-4306-A12D-8FED19C1D3CE}"
EndProject
Project("{8BC9CEB8-8B4A-11D0-8D11-00A0C91BC942}") = "dx10_rendering", "rendering\dx10\dx10_rendering.vcproj", "{D4DBFDE0-9112-41F9-A574-0C58B31D7F24}"
EndProject
Project("{8BC9CEB8-8B4A-11D0-8D11-00A0C91BC942}") = "crowd_scene", "crowd_scene\crowd_scene.vcproj", "{0308BBE9-DDE1-4369-BDA4-FF3A0DF6A244}"
EndProject
Project("{8BC9CEB8-8B4A-11D0-8D11-00A0C91BC942}") = "ycocg_dx9", "s3tc\ycocg_dx9\ycocg_dx9.vcproj", "{4EEFE763-E30F-4B41-BE79-59132390EC78}"
EndProject
Project("{8BC9CEB8-8B4A-11D0-8D11-00A0C91BC942}") = "gstate_test", "gstate_test\gstate_test.vcproj", "{F9107BF6-E60A-42AA-AD44-D5449A5DCB65}"
	ProjectSection(ProjectDependencies) = postProject
		{923725E1-A64F-40B5-B5A9-F1996B887BCA} = {923725E1-A64F-40B5-B5A9-F1996B887BCA}
	EndProjectSection
EndProject
Project("{8BC9CEB8-8B4A-11D0-8D11-00A0C91BC942}") = "gstate", "..\gstate\gstate.vcproj", "{923725E1-A64F-40B5-B5A9-F1996B887BCA}"
EndProject
Global
	GlobalSection(SolutionConfigurationPlatforms) = preSolution
		Debug|Win32 = Debug|Win32
		Debug|x64 = Debug|x64
		Release|Win32 = Release|Win32
		Release|x64 = Release|x64
	EndGlobalSection
	GlobalSection(ProjectConfigurationPlatforms) = postSolution
		{3DBD2E3D-1ABE-4381-9BCB-3A8285D2347A}.Debug|Win32.ActiveCfg = Debug|Win32
		{3DBD2E3D-1ABE-4381-9BCB-3A8285D2347A}.Debug|Win32.Build.0 = Debug|Win32
		{3DBD2E3D-1ABE-4381-9BCB-3A8285D2347A}.Debug|x64.ActiveCfg = Debug|x64
		{3DBD2E3D-1ABE-4381-9BCB-3A8285D2347A}.Debug|x64.Build.0 = Debug|x64
		{3DBD2E3D-1ABE-4381-9BCB-3A8285D2347A}.Release|Win32.ActiveCfg = Release|Win32
		{3DBD2E3D-1ABE-4381-9BCB-3A8285D2347A}.Release|Win32.Build.0 = Release|Win32
		{3DBD2E3D-1ABE-4381-9BCB-3A8285D2347A}.Release|x64.ActiveCfg = Release|x64
		{3DBD2E3D-1ABE-4381-9BCB-3A8285D2347A}.Release|x64.Build.0 = Release|x64
		{07B1AAA9-02DA-4F8A-80E7-25FFF7151109}.Debug|Win32.ActiveCfg = Debug|Win32
		{07B1AAA9-02DA-4F8A-80E7-25FFF7151109}.Debug|Win32.Build.0 = Debug|Win32
		{07B1AAA9-02DA-4F8A-80E7-25FFF7151109}.Debug|x64.ActiveCfg = Debug|x64
		{07B1AAA9-02DA-4F8A-80E7-25FFF7151109}.Debug|x64.Build.0 = Debug|x64
		{07B1AAA9-02DA-4F8A-80E7-25FFF7151109}.Release|Win32.ActiveCfg = Release|Win32
		{07B1AAA9-02DA-4F8A-80E7-25FFF7151109}.Release|Win32.Build.0 = Release|Win32
		{07B1AAA9-02DA-4F8A-80E7-25FFF7151109}.Release|x64.ActiveCfg = Release|x64
		{07B1AAA9-02DA-4F8A-80E7-25FFF7151109}.Release|x64.Build.0 = Release|x64
		{AE66FBEF-BBFC-466B-A2D6-A3191B42C180}.Debug|Win32.ActiveCfg = Debug|Win32
		{AE66FBEF-BBFC-466B-A2D6-A3191B42C180}.Debug|Win32.Build.0 = Debug|Win32
		{AE66FBEF-BBFC-466B-A2D6-A3191B42C180}.Debug|x64.ActiveCfg = Debug|x64
		{AE66FBEF-BBFC-466B-A2D6-A3191B42C180}.Debug|x64.Build.0 = Debug|x64
		{AE66FBEF-BBFC-466B-A2D6-A3191B42C180}.Release|Win32.ActiveCfg = Release|Win32
		{AE66FBEF-BBFC-466B-A2D6-A3191B42C180}.Release|Win32.Build.0 = Release|Win32
		{AE66FBEF-BBFC-466B-A2D6-A3191B42C180}.Release|x64.ActiveCfg = Release|x64
		{AE66FBEF-BBFC-466B-A2D6-A3191B42C180}.Release|x64.Build.0 = Release|x64
		{A96C4536-3A79-48E9-B48C-DB24D8117D0C}.Debug|Win32.ActiveCfg = Debug|Win32
		{A96C4536-3A79-48E9-B48C-DB24D8117D0C}.Debug|Win32.Build.0 = Debug|Win32
		{A96C4536-3A79-48E9-B48C-DB24D8117D0C}.Debug|x64.ActiveCfg = Debug|x64
		{A96C4536-3A79-48E9-B48C-DB24D8117D0C}.Debug|x64.Build.0 = Debug|x64
		{A96C4536-3A79-48E9-B48C-DB24D8117D0C}.Release|Win32.ActiveCfg = Release|Win32
		{A96C4536-3A79-48E9-B48C-DB24D8117D0C}.Release|Win32.Build.0 = Release|Win32
		{A96C4536-3A79-48E9-B48C-DB24D8117D0C}.Release|x64.ActiveCfg = Release|x64
		{A96C4536-3A79-48E9-B48C-DB24D8117D0C}.Release|x64.Build.0 = Release|x64
		{07B1ADA9-02DA-4F8A-80E7-25FFF7151109}.Debug|Win32.ActiveCfg = Debug|Win32
		{07B1ADA9-02DA-4F8A-80E7-25FFF7151109}.Debug|Win32.Build.0 = Debug|Win32
		{07B1ADA9-02DA-4F8A-80E7-25FFF7151109}.Debug|x64.ActiveCfg = Debug|x64
		{07B1ADA9-02DA-4F8A-80E7-25FFF7151109}.Debug|x64.Build.0 = Debug|x64
		{07B1ADA9-02DA-4F8A-80E7-25FFF7151109}.Release|Win32.ActiveCfg = Release|Win32
		{07B1ADA9-02DA-4F8A-80E7-25FFF7151109}.Release|Win32.Build.0 = Release|Win32
		{07B1ADA9-02DA-4F8A-80E7-25FFF7151109}.Release|x64.ActiveCfg = Release|x64
		{07B1ADA9-02DA-4F8A-80E7-25FFF7151109}.Release|x64.Build.0 = Release|x64
		{07B1AAC9-02DA-4F8A-80E7-25FFF7151109}.Debug|Win32.ActiveCfg = Debug|Win32
		{07B1AAC9-02DA-4F8A-80E7-25FFF7151109}.Debug|Win32.Build.0 = Debug|Win32
		{07B1AAC9-02DA-4F8A-80E7-25FFF7151109}.Debug|x64.ActiveCfg = Debug|x64
		{07B1AAC9-02DA-4F8A-80E7-25FFF7151109}.Debug|x64.Build.0 = Debug|x64
		{07B1AAC9-02DA-4F8A-80E7-25FFF7151109}.Release|Win32.ActiveCfg = Release|Win32
		{07B1AAC9-02DA-4F8A-80E7-25FFF7151109}.Release|Win32.Build.0 = Release|Win32
		{07B1AAC9-02DA-4F8A-80E7-25FFF7151109}.Release|x64.ActiveCfg = Release|x64
		{07B1AAC9-02DA-4F8A-80E7-25FFF7151109}.Release|x64.Build.0 = Release|x64
		{07B1CAA9-02DA-4F8A-80E7-25FFF7151109}.Debug|Win32.ActiveCfg = Debug|Win32
		{07B1CAA9-02DA-4F8A-80E7-25FFF7151109}.Debug|Win32.Build.0 = Debug|Win32
		{07B1CAA9-02DA-4F8A-80E7-25FFF7151109}.Debug|x64.ActiveCfg = Debug|x64
		{07B1CAA9-02DA-4F8A-80E7-25FFF7151109}.Debug|x64.Build.0 = Debug|x64
		{07B1CAA9-02DA-4F8A-80E7-25FFF7151109}.Release|Win32.ActiveCfg = Release|Win32
		{07B1CAA9-02DA-4F8A-80E7-25FFF7151109}.Release|Win32.Build.0 = Release|Win32
		{07B1CAA9-02DA-4F8A-80E7-25FFF7151109}.Release|x64.ActiveCfg = Release|x64
		{07B1CAA9-02DA-4F8A-80E7-25FFF7151109}.Release|x64.Build.0 = Release|x64
		{07B1AAA1-02DA-4F8A-80E7-25FFF7151109}.Debug|Win32.ActiveCfg = Debug|Win32
		{07B1AAA1-02DA-4F8A-80E7-25FFF7151109}.Debug|Win32.Build.0 = Debug|Win32
		{07B1AAA1-02DA-4F8A-80E7-25FFF7151109}.Debug|x64.ActiveCfg = Debug|x64
		{07B1AAA1-02DA-4F8A-80E7-25FFF7151109}.Debug|x64.Build.0 = Debug|x64
		{07B1AAA1-02DA-4F8A-80E7-25FFF7151109}.Release|Win32.ActiveCfg = Release|Win32
		{07B1AAA1-02DA-4F8A-80E7-25FFF7151109}.Release|Win32.Build.0 = Release|Win32
		{07B1AAA1-02DA-4F8A-80E7-25FFF7151109}.Release|x64.ActiveCfg = Release|x64
		{07B1AAA1-02DA-4F8A-80E7-25FFF7151109}.Release|x64.Build.0 = Release|x64
		{C31F6F4F-8C42-41A6-8765-6A7166D34A52}.Debug|Win32.ActiveCfg = Debug|Win32
		{C31F6F4F-8C42-41A6-8765-6A7166D34A52}.Debug|Win32.Build.0 = Debug|Win32
		{C31F6F4F-8C42-41A6-8765-6A7166D34A52}.Debug|x64.ActiveCfg = Debug|x64
		{C31F6F4F-8C42-41A6-8765-6A7166D34A52}.Debug|x64.Build.0 = Debug|x64
		{C31F6F4F-8C42-41A6-8765-6A7166D34A52}.Release|Win32.ActiveCfg = Release|Win32
		{C31F6F4F-8C42-41A6-8765-6A7166D34A52}.Release|Win32.Build.0 = Release|Win32
		{C31F6F4F-8C42-41A6-8765-6A7166D34A52}.Release|x64.ActiveCfg = Release|x64
		{C31F6F4F-8C42-41A6-8765-6A7166D34A52}.Release|x64.Build.0 = Release|x64
		{07B1AAA2-02DA-4F8A-80E7-25FFF7151109}.Debug|Win32.ActiveCfg = Debug|Win32
		{07B1AAA2-02DA-4F8A-80E7-25FFF7151109}.Debug|Win32.Build.0 = Debug|Win32
		{07B1AAA2-02DA-4F8A-80E7-25FFF7151109}.Debug|x64.ActiveCfg = Debug|x64
		{07B1AAA2-02DA-4F8A-80E7-25FFF7151109}.Debug|x64.Build.0 = Debug|x64
		{07B1AAA2-02DA-4F8A-80E7-25FFF7151109}.Release|Win32.ActiveCfg = Release|Win32
		{07B1AAA2-02DA-4F8A-80E7-25FFF7151109}.Release|Win32.Build.0 = Release|Win32
		{07B1AAA2-02DA-4F8A-80E7-25FFF7151109}.Release|x64.ActiveCfg = Release|x64
		{07B1AAA2-02DA-4F8A-80E7-25FFF7151109}.Release|x64.Build.0 = Release|x64
		{97CE70EE-DE66-4710-BE6A-9020EC9348E8}.Debug|Win32.ActiveCfg = Debug|Win32
		{97CE70EE-DE66-4710-BE6A-9020EC9348E8}.Debug|Win32.Build.0 = Debug|Win32
		{97CE70EE-DE66-4710-BE6A-9020EC9348E8}.Debug|x64.ActiveCfg = Debug|x64
		{97CE70EE-DE66-4710-BE6A-9020EC9348E8}.Debug|x64.Build.0 = Debug|x64
		{97CE70EE-DE66-4710-BE6A-9020EC9348E8}.Release|Win32.ActiveCfg = Release|Win32
		{97CE70EE-DE66-4710-BE6A-9020EC9348E8}.Release|Win32.Build.0 = Release|Win32
		{97CE70EE-DE66-4710-BE6A-9020EC9348E8}.Release|x64.ActiveCfg = Release|x64
		{97CE70EE-DE66-4710-BE6A-9020EC9348E8}.Release|x64.Build.0 = Release|x64
		{3581AED5-6BBB-42CA-B4AC-10DCFC667EF5}.Debug|Win32.ActiveCfg = Debug|Win32
		{3581AED5-6BBB-42CA-B4AC-10DCFC667EF5}.Debug|Win32.Build.0 = Debug|Win32
		{3581AED5-6BBB-42CA-B4AC-10DCFC667EF5}.Debug|x64.ActiveCfg = Debug|x64
		{3581AED5-6BBB-42CA-B4AC-10DCFC667EF5}.Debug|x64.Build.0 = Debug|x64
		{3581AED5-6BBB-42CA-B4AC-10DCFC667EF5}.Release|Win32.ActiveCfg = Release|Win32
		{3581AED5-6BBB-42CA-B4AC-10DCFC667EF5}.Release|Win32.Build.0 = Release|Win32
		{3581AED5-6BBB-42CA-B4AC-10DCFC667EF5}.Release|x64.ActiveCfg = Release|x64
		{3581AED5-6BBB-42CA-B4AC-10DCFC667EF5}.Release|x64.Build.0 = Release|x64
		{0FF16995-12FC-47C8-BDA1-446BE897C124}.Debug|Win32.ActiveCfg = Debug|Win32
		{0FF16995-12FC-47C8-BDA1-446BE897C124}.Debug|Win32.Build.0 = Debug|Win32
		{0FF16995-12FC-47C8-BDA1-446BE897C124}.Debug|x64.ActiveCfg = Debug|x64
		{0FF16995-12FC-47C8-BDA1-446BE897C124}.Debug|x64.Build.0 = Debug|x64
		{0FF16995-12FC-47C8-BDA1-446BE897C124}.Release|Win32.ActiveCfg = Release|Win32
		{0FF16995-12FC-47C8-BDA1-446BE897C124}.Release|Win32.Build.0 = Release|Win32
		{0FF16995-12FC-47C8-BDA1-446BE897C124}.Release|x64.ActiveCfg = Release|x64
		{0FF16995-12FC-47C8-BDA1-446BE897C124}.Release|x64.Build.0 = Release|x64
		{9FB8E874-BF91-4064-9281-78DA1342D104}.Debug|Win32.ActiveCfg = Debug|Win32
		{9FB8E874-BF91-4064-9281-78DA1342D104}.Debug|Win32.Build.0 = Debug|Win32
		{9FB8E874-BF91-4064-9281-78DA1342D104}.Debug|x64.ActiveCfg = Debug|Win32
		{9FB8E874-BF91-4064-9281-78DA1342D104}.Release|Win32.ActiveCfg = Release|Win32
		{9FB8E874-BF91-4064-9281-78DA1342D104}.Release|Win32.Build.0 = Release|Win32
		{9FB8E874-BF91-4064-9281-78DA1342D104}.Release|x64.ActiveCfg = Release|Win32
		{07B1AAAA-02DA-4F8A-80E7-25FFF7151109}.Debug|Win32.ActiveCfg = Debug|Win32
		{07B1AAAA-02DA-4F8A-80E7-25FFF7151109}.Debug|Win32.Build.0 = Debug|Win32
		{07B1AAAA-02DA-4F8A-80E7-25FFF7151109}.Debug|x64.ActiveCfg = Debug|x64
		{07B1AAAA-02DA-4F8A-80E7-25FFF7151109}.Debug|x64.Build.0 = Debug|x64
		{07B1AAAA-02DA-4F8A-80E7-25FFF7151109}.Release|Win32.ActiveCfg = Release|Win32
		{07B1AAAA-02DA-4F8A-80E7-25FFF7151109}.Release|Win32.Build.0 = Release|Win32
		{07B1AAAA-02DA-4F8A-80E7-25FFF7151109}.Release|x64.ActiveCfg = Release|x64
		{07B1AAAA-02DA-4F8A-80E7-25FFF7151109}.Release|x64.Build.0 = Release|x64
		{07B1AAA0-02DA-4F8A-80E7-25FFF7151109}.Debug|Win32.ActiveCfg = Debug|Win32
		{07B1AAA0-02DA-4F8A-80E7-25FFF7151109}.Debug|Win32.Build.0 = Debug|Win32
		{07B1AAA0-02DA-4F8A-80E7-25FFF7151109}.Debug|x64.ActiveCfg = Debug|x64
		{07B1AAA0-02DA-4F8A-80E7-25FFF7151109}.Debug|x64.Build.0 = Debug|x64
		{07B1AAA0-02DA-4F8A-80E7-25FFF7151109}.Release|Win32.ActiveCfg = Release|Win32
		{07B1AAA0-02DA-4F8A-80E7-25FFF7151109}.Release|Win32.Build.0 = Release|Win32
		{07B1AAA0-02DA-4F8A-80E7-25FFF7151109}.Release|x64.ActiveCfg = Release|x64
		{07B1AAA0-02DA-4F8A-80E7-25FFF7151109}.Release|x64.Build.0 = Release|x64
		{8676A168-5B8B-44C0-9A2A-F752E4AAC78F}.Debug|Win32.ActiveCfg = Debug|Win32
		{8676A168-5B8B-44C0-9A2A-F752E4AAC78F}.Debug|Win32.Build.0 = Debug|Win32
		{8676A168-5B8B-44C0-9A2A-F752E4AAC78F}.Debug|x64.ActiveCfg = Debug|x64
		{8676A168-5B8B-44C0-9A2A-F752E4AAC78F}.Debug|x64.Build.0 = Debug|x64
		{8676A168-5B8B-44C0-9A2A-F752E4AAC78F}.Release|Win32.ActiveCfg = Release|Win32
		{8676A168-5B8B-44C0-9A2A-F752E4AAC78F}.Release|Win32.Build.0 = Release|Win32
		{8676A168-5B8B-44C0-9A2A-F752E4AAC78F}.Release|x64.ActiveCfg = Release|x64
		{8676A168-5B8B-44C0-9A2A-F752E4AAC78F}.Release|x64.Build.0 = Release|x64
		{EB98C9CF-C1BF-49DC-8D83-99AEC650D352}.Debug|Win32.ActiveCfg = Debug|Win32
		{EB98C9CF-C1BF-49DC-8D83-99AEC650D352}.Debug|Win32.Build.0 = Debug|Win32
		{EB98C9CF-C1BF-49DC-8D83-99AEC650D352}.Debug|x64.ActiveCfg = Debug|Win32
		{EB98C9CF-C1BF-49DC-8D83-99AEC650D352}.Release|Win32.ActiveCfg = Release|Win32
		{EB98C9CF-C1BF-49DC-8D83-99AEC650D352}.Release|Win32.Build.0 = Release|Win32
		{EB98C9CF-C1BF-49DC-8D83-99AEC650D352}.Release|x64.ActiveCfg = Release|Win32
		{E569482B-CC61-448A-8171-0BEFD01415C6}.Debug|Win32.ActiveCfg = Debug|Win32
		{E569482B-CC61-448A-8171-0BEFD01415C6}.Debug|Win32.Build.0 = Debug|Win32
		{E569482B-CC61-448A-8171-0BEFD01415C6}.Debug|x64.ActiveCfg = Debug|x64
		{E569482B-CC61-448A-8171-0BEFD01415C6}.Debug|x64.Build.0 = Debug|x64
		{E569482B-CC61-448A-8171-0BEFD01415C6}.Release|Win32.ActiveCfg = Release|Win32
		{E569482B-CC61-448A-8171-0BEFD01415C6}.Release|Win32.Build.0 = Release|Win32
		{E569482B-CC61-448A-8171-0BEFD01415C6}.Release|x64.ActiveCfg = Release|x64
		{E569482B-CC61-448A-8171-0BEFD01415C6}.Release|x64.Build.0 = Release|x64
		{0F0AF686-FDF0-4CD7-8D54-C4E9C6BD62BA}.Debug|Win32.ActiveCfg = Debug|Win32
		{0F0AF686-FDF0-4CD7-8D54-C4E9C6BD62BA}.Debug|Win32.Build.0 = Debug|Win32
		{0F0AF686-FDF0-4CD7-8D54-C4E9C6BD62BA}.Debug|x64.ActiveCfg = Debug|x64
		{0F0AF686-FDF0-4CD7-8D54-C4E9C6BD62BA}.Debug|x64.Build.0 = Debug|x64
		{0F0AF686-FDF0-4CD7-8D54-C4E9C6BD62BA}.Release|Win32.ActiveCfg = Release|Win32
		{0F0AF686-FDF0-4CD7-8D54-C4E9C6BD62BA}.Release|Win32.Build.0 = Release|Win32
		{0F0AF686-FDF0-4CD7-8D54-C4E9C6BD62BA}.Release|x64.ActiveCfg = Release|x64
		{0F0AF686-FDF0-4CD7-8D54-C4E9C6BD62BA}.Release|x64.Build.0 = Release|x64
		{07B1AAB9-02DA-4F8A-80E7-25FFF7151109}.Debug|Win32.ActiveCfg = Debug|Win32
		{07B1AAB9-02DA-4F8A-80E7-25FFF7151109}.Debug|Win32.Build.0 = Debug|Win32
		{07B1AAB9-02DA-4F8A-80E7-25FFF7151109}.Debug|x64.ActiveCfg = Debug|x64
		{07B1AAB9-02DA-4F8A-80E7-25FFF7151109}.Debug|x64.Build.0 = Debug|x64
		{07B1AAB9-02DA-4F8A-80E7-25FFF7151109}.Release|Win32.ActiveCfg = Release|Win32
		{07B1AAB9-02DA-4F8A-80E7-25FFF7151109}.Release|Win32.Build.0 = Release|Win32
		{07B1AAB9-02DA-4F8A-80E7-25FFF7151109}.Release|x64.ActiveCfg = Release|x64
		{07B1AAB9-02DA-4F8A-80E7-25FFF7151109}.Release|x64.Build.0 = Release|x64
		{9938EE24-8480-4A4D-B1CE-EEBF5DEDEAD5}.Debug|Win32.ActiveCfg = Debug|Win32
		{9938EE24-8480-4A4D-B1CE-EEBF5DEDEAD5}.Debug|Win32.Build.0 = Debug|Win32
		{9938EE24-8480-4A4D-B1CE-EEBF5DEDEAD5}.Debug|x64.ActiveCfg = Debug|x64
		{9938EE24-8480-4A4D-B1CE-EEBF5DEDEAD5}.Debug|x64.Build.0 = Debug|x64
		{9938EE24-8480-4A4D-B1CE-EEBF5DEDEAD5}.Release|Win32.ActiveCfg = Release|Win32
		{9938EE24-8480-4A4D-B1CE-EEBF5DEDEAD5}.Release|Win32.Build.0 = Release|Win32
		{9938EE24-8480-4A4D-B1CE-EEBF5DEDEAD5}.Release|x64.ActiveCfg = Release|x64
		{9938EE24-8480-4A4D-B1CE-EEBF5DEDEAD5}.Release|x64.Build.0 = Release|x64
		{3F303CC6-DBE6-4306-A12D-8FED19C1D3CE}.Debug|Win32.ActiveCfg = Debug|Win32
		{3F303CC6-DBE6-4306-A12D-8FED19C1D3CE}.Debug|Win32.Build.0 = Debug|Win32
		{3F303CC6-DBE6-4306-A12D-8FED19C1D3CE}.Debug|x64.ActiveCfg = Debug|x64
		{3F303CC6-DBE6-4306-A12D-8FED19C1D3CE}.Debug|x64.Build.0 = Debug|x64
		{3F303CC6-DBE6-4306-A12D-8FED19C1D3CE}.Release|Win32.ActiveCfg = Release|Win32
		{3F303CC6-DBE6-4306-A12D-8FED19C1D3CE}.Release|Win32.Build.0 = Release|Win32
		{3F303CC6-DBE6-4306-A12D-8FED19C1D3CE}.Release|x64.ActiveCfg = Release|x64
		{3F303CC6-DBE6-4306-A12D-8FED19C1D3CE}.Release|x64.Build.0 = Release|x64
		{D4DBFDE0-9112-41F9-A574-0C58B31D7F24}.Debug|Win32.ActiveCfg = Debug|Win32
		{D4DBFDE0-9112-41F9-A574-0C58B31D7F24}.Debug|Win32.Build.0 = Debug|Win32
		{D4DBFDE0-9112-41F9-A574-0C58B31D7F24}.Debug|x64.ActiveCfg = Debug|x64
		{D4DBFDE0-9112-41F9-A574-0C58B31D7F24}.Debug|x64.Build.0 = Debug|x64
		{D4DBFDE0-9112-41F9-A574-0C58B31D7F24}.Release|Win32.ActiveCfg = Release|Win32
		{D4DBFDE0-9112-41F9-A574-0C58B31D7F24}.Release|Win32.Build.0 = Release|Win32
		{D4DBFDE0-9112-41F9-A574-0C58B31D7F24}.Release|x64.ActiveCfg = Release|x64
		{D4DBFDE0-9112-41F9-A574-0C58B31D7F24}.Release|x64.Build.0 = Release|x64
		{0308BBE9-DDE1-4369-BDA4-FF3A0DF6A244}.Debug|Win32.ActiveCfg = Debug|Win32
		{0308BBE9-DDE1-4369-BDA4-FF3A0DF6A244}.Debug|Win32.Build.0 = Debug|Win32
		{0308BBE9-DDE1-4369-BDA4-FF3A0DF6A244}.Debug|x64.ActiveCfg = Debug|x64
		{0308BBE9-DDE1-4369-BDA4-FF3A0DF6A244}.Debug|x64.Build.0 = Debug|x64
		{0308BBE9-DDE1-4369-BDA4-FF3A0DF6A244}.Release|Win32.ActiveCfg = Release|Win32
		{0308BBE9-DDE1-4369-BDA4-FF3A0DF6A244}.Release|Win32.Build.0 = Release|Win32
		{0308BBE9-DDE1-4369-BDA4-FF3A0DF6A244}.Release|x64.ActiveCfg = Release|x64
		{0308BBE9-DDE1-4369-BDA4-FF3A0DF6A244}.Release|x64.Build.0 = Release|x64
		{4EEFE763-E30F-4B41-BE79-59132390EC78}.Debug|Win32.ActiveCfg = Debug|Win32
		{4EEFE763-E30F-4B41-BE79-59132390EC78}.Debug|Win32.Build.0 = Debug|Win32
		{4EEFE763-E30F-4B41-BE79-59132390EC78}.Debug|x64.ActiveCfg = Debug|x64
		{4EEFE763-E30F-4B41-BE79-59132390EC78}.Debug|x64.Build.0 = Debug|x64
		{4EEFE763-E30F-4B41-BE79-59132390EC78}.Release|Win32.ActiveCfg = Release|Win32
		{4EEFE763-E30F-4B41-BE79-59132390EC78}.Release|Win32.Build.0 = Release|Win32
		{4EEFE763-E30F-4B41-BE79-59132390EC78}.Release|x64.ActiveCfg = Release|x64
		{4EEFE763-E30F-4B41-BE79-59132390EC78}.Release|x64.Build.0 = Release|x64
		{F9107BF6-E60A-42AA-AD44-D5449A5DCB65}.Debug|Win32.ActiveCfg = Debug|Win32
		{F9107BF6-E60A-42AA-AD44-D5449A5DCB65}.Debug|Win32.Build.0 = Debug|Win32
		{F9107BF6-E60A-42AA-AD44-D5449A5DCB65}.Debug|x64.ActiveCfg = Debug|x64
		{F9107BF6-E60A-42AA-AD44-D5449A5DCB65}.Debug|x64.Build.0 = Debug|x64
		{F9107BF6-E60A-42AA-AD44-D5449A5DCB65}.Release|Win32.ActiveCfg = Release|Win32
		{F9107BF6-E60A-42AA-AD44-D5449A5DCB65}.Release|Win32.Build.0 = Release|Win32
		{F9107BF6-E60A-42AA-AD44-D5449A5DCB65}.Release|x64.ActiveCfg = Release|x64
		{F9107BF6-E60A-42AA-AD44-D5449A5DCB65}.Release|x64.Build.0 = Release|x64
		{923725E1-A64F-40B5-B5A9-F1996B887BCA}.Debug|Win32.ActiveCfg = Debug|Win32
		{923725E1-A64F-40B5-B5A9-F1996B887BCA}.Debug|Win32.Build.0 = Debug|Win32
		{923725E1-A64F-40B5-B5A9-F1996B887BCA}.Debug|x64.ActiveCfg = Debug|x64
		{923725E1-A64F-40B5-B5A9-F1996B887BCA}.Debug|x64.Build.0 = Debug|x64
		{923725E1-A64F-40B5-B5A9-F1996B887BCA}.Release|Win32.ActiveCfg = Release|Win32
		{923725E1-A64F-40B5-B5A9-F1996B887BCA}.Release|Win32.Build.0 = Release|Win32
		{923725E1-A64F-40B5-B5A9-F1996B887BCA}.Release|x64.ActiveCfg = Release|x64
		{923725E1-A64F-40B5-B5A9-F1996B887BCA}.Release|x64.Build.0 = Release|x64
	EndGlobalSection
	GlobalSection(SolutionProperties) = preSolution
		HideSolutionNode = FALSE
	EndGlobalSection
EndGlobal
